// !$*UTF8*$!
{
	archiveVersion = 1;
	classes = {
	};
	objectVersion = 46;
	objects = {

/* Begin PBXBuildFile section */
		AB4BAD0C1A345C43002F4B45 /* AppDelegate.swift in Sources */ = {isa = PBXBuildFile; fileRef = AB4BAD0B1A345C43002F4B45 /* AppDelegate.swift */; };
		AB4BAD0E1A345C43002F4B45 /* ViewController.swift in Sources */ = {isa = PBXBuildFile; fileRef = AB4BAD0D1A345C43002F4B45 /* ViewController.swift */; };
		AB4BAD111A345C43002F4B45 /* Main.storyboard in Resources */ = {isa = PBXBuildFile; fileRef = AB4BAD0F1A345C43002F4B45 /* Main.storyboard */; };
		AB4BAD131A345C43002F4B45 /* Images.xcassets in Resources */ = {isa = PBXBuildFile; fileRef = AB4BAD121A345C43002F4B45 /* Images.xcassets */; };
		AB4BAD161A345C43002F4B45 /* LaunchScreen.xib in Resources */ = {isa = PBXBuildFile; fileRef = AB4BAD141A345C43002F4B45 /* LaunchScreen.xib */; };
		AB4BAD221A345C43002F4B45 /* CursorTests.swift in Sources */ = {isa = PBXBuildFile; fileRef = AB4BAD211A345C43002F4B45 /* CursorTests.swift */; };
		AB4BAD2C1A345C76002F4B45 /* Foundation.framework in Frameworks */ = {isa = PBXBuildFile; fileRef = AB4BAD2B1A345C76002F4B45 /* Foundation.framework */; };
		AB4BAD2E1A345C7D002F4B45 /* MultipeerConnectivity.framework in Frameworks */ = {isa = PBXBuildFile; fileRef = AB4BAD2D1A345C7D002F4B45 /* MultipeerConnectivity.framework */; };
/* End PBXBuildFile section */

/* Begin PBXContainerItemProxy section */
		AB4BAD1C1A345C43002F4B45 /* PBXContainerItemProxy */ = {
			isa = PBXContainerItemProxy;
			containerPortal = AB4BACFE1A345C43002F4B45 /* Project object */;
			proxyType = 1;
			remoteGlobalIDString = AB4BAD051A345C43002F4B45;
			remoteInfo = Cursor;
		};
/* End PBXContainerItemProxy section */

/* Begin PBXFileReference section */
		AB4BAD061A345C43002F4B45 /* Cursor.app */ = {isa = PBXFileReference; explicitFileType = wrapper.application; includeInIndex = 0; path = Cursor.app; sourceTree = BUILT_PRODUCTS_DIR; };
		AB4BAD0A1A345C43002F4B45 /* Info.plist */ = {isa = PBXFileReference; lastKnownFileType = text.plist.xml; path = Info.plist; sourceTree = "<group>"; };
		AB4BAD0B1A345C43002F4B45 /* AppDelegate.swift */ = {isa = PBXFileReference; lastKnownFileType = sourcecode.swift; path = AppDelegate.swift; sourceTree = "<group>"; };
		AB4BAD0D1A345C43002F4B45 /* ViewController.swift */ = {isa = PBXFileReference; lastKnownFileType = sourcecode.swift; path = ViewController.swift; sourceTree = "<group>"; };
		AB4BAD101A345C43002F4B45 /* Base */ = {isa = PBXFileReference; lastKnownFileType = file.storyboard; name = Base; path = Base.lproj/Main.storyboard; sourceTree = "<group>"; };
		AB4BAD121A345C43002F4B45 /* Images.xcassets */ = {isa = PBXFileReference; lastKnownFileType = folder.assetcatalog; path = Images.xcassets; sourceTree = "<group>"; };
		AB4BAD151A345C43002F4B45 /* Base */ = {isa = PBXFileReference; lastKnownFileType = file.xib; name = Base; path = Base.lproj/LaunchScreen.xib; sourceTree = "<group>"; };
		AB4BAD1B1A345C43002F4B45 /* CursorTests.xctest */ = {isa = PBXFileReference; explicitFileType = wrapper.cfbundle; includeInIndex = 0; path = CursorTests.xctest; sourceTree = BUILT_PRODUCTS_DIR; };
		AB4BAD201A345C43002F4B45 /* Info.plist */ = {isa = PBXFileReference; lastKnownFileType = text.plist.xml; path = Info.plist; sourceTree = "<group>"; };
		AB4BAD211A345C43002F4B45 /* CursorTests.swift */ = {isa = PBXFileReference; lastKnownFileType = sourcecode.swift; path = CursorTests.swift; sourceTree = "<group>"; };
		AB4BAD2B1A345C76002F4B45 /* Foundation.framework */ = {isa = PBXFileReference; lastKnownFileType = wrapper.framework; name = Foundation.framework; path = System/Library/Frameworks/Foundation.framework; sourceTree = SDKROOT; };
		AB4BAD2D1A345C7D002F4B45 /* MultipeerConnectivity.framework */ = {isa = PBXFileReference; lastKnownFileType = wrapper.framework; name = MultipeerConnectivity.framework; path = System/Library/Frameworks/MultipeerConnectivity.framework; sourceTree = SDKROOT; };
/* End PBXFileReference section */

/* Begin PBXFrameworksBuildPhase section */
		AB4BAD031A345C43002F4B45 /* Frameworks */ = {
			isa = PBXFrameworksBuildPhase;
			buildActionMask = 2147483647;
			files = (
				AB4BAD2E1A345C7D002F4B45 /* MultipeerConnectivity.framework in Frameworks */,
				AB4BAD2C1A345C76002F4B45 /* Foundation.framework in Frameworks */,
			);
			runOnlyForDeploymentPostprocessing = 0;
		};
		AB4BAD181A345C43002F4B45 /* Frameworks */ = {
			isa = PBXFrameworksBuildPhase;
			buildActionMask = 2147483647;
			files = (
			);
			runOnlyForDeploymentPostprocessing = 0;
		};
/* End PBXFrameworksBuildPhase section */

/* Begin PBXGroup section */
		AB4BACFD1A345C43002F4B45 = {
			isa = PBXGroup;
			children = (
				AB4BAD2D1A345C7D002F4B45 /* MultipeerConnectivity.framework */,
				AB4BAD2B1A345C76002F4B45 /* Foundation.framework */,
				AB4BAD081A345C43002F4B45 /* Cursor */,
				AB4BAD1E1A345C43002F4B45 /* CursorTests */,
				AB4BAD071A345C43002F4B45 /* Products */,
			);
			sourceTree = "<group>";
		};
		AB4BAD071A345C43002F4B45 /* Products */ = {
			isa = PBXGroup;
			children = (
				AB4BAD061A345C43002F4B45 /* Cursor.app */,
				AB4BAD1B1A345C43002F4B45 /* CursorTests.xctest */,
			);
			name = Products;
			sourceTree = "<group>";
		};
		AB4BAD081A345C43002F4B45 /* Cursor */ = {
			isa = PBXGroup;
			children = (
				AB4BAD0B1A345C43002F4B45 /* AppDelegate.swift */,
				AB4BAD0D1A345C43002F4B45 /* ViewController.swift */,
				AB4BAD0F1A345C43002F4B45 /* Main.storyboard */,
				AB4BAD121A345C43002F4B45 /* Images.xcassets */,
				AB4BAD141A345C43002F4B45 /* LaunchScreen.xib */,
				AB4BAD091A345C43002F4B45 /* Supporting Files */,
			);
			path = Cursor;
			sourceTree = "<group>";
		};
		AB4BAD091A345C43002F4B45 /* Supporting Files */ = {
			isa = PBXGroup;
			children = (
				AB4BAD0A1A345C43002F4B45 /* Info.plist */,
			);
			name = "Supporting Files";
			sourceTree = "<group>";
		};
		AB4BAD1E1A345C43002F4B45 /* CursorTests */ = {
			isa = PBXGroup;
			children = (
				AB4BAD211A345C43002F4B45 /* CursorTests.swift */,
				AB4BAD1F1A345C43002F4B45 /* Supporting Files */,
			);
			path = CursorTests;
			sourceTree = "<group>";
		};
		AB4BAD1F1A345C43002F4B45 /* Supporting Files */ = {
			isa = PBXGroup;
			children = (
				AB4BAD201A345C43002F4B45 /* Info.plist */,
			);
			name = "Supporting Files";
			sourceTree = "<group>";
		};
/* End PBXGroup section */

/* Begin PBXNativeTarget section */
		AB4BAD051A345C43002F4B45 /* Cursor */ = {
			isa = PBXNativeTarget;
			buildConfigurationList = AB4BAD251A345C43002F4B45 /* Build configuration list for PBXNativeTarget "Cursor" */;
			buildPhases = (
				AB4BAD021A345C43002F4B45 /* Sources */,
				AB4BAD031A345C43002F4B45 /* Frameworks */,
				AB4BAD041A345C43002F4B45 /* Resources */,
			);
			buildRules = (
			);
			dependencies = (
			);
			name = Cursor;
			productName = Cursor;
			productReference = AB4BAD061A345C43002F4B45 /* Cursor.app */;
			productType = "com.apple.product-type.application";
		};
		AB4BAD1A1A345C43002F4B45 /* CursorTests */ = {
			isa = PBXNativeTarget;
			buildConfigurationList = AB4BAD281A345C43002F4B45 /* Build configuration list for PBXNativeTarget "CursorTests" */;
			buildPhases = (
				AB4BAD171A345C43002F4B45 /* Sources */,
				AB4BAD181A345C43002F4B45 /* Frameworks */,
				AB4BAD191A345C43002F4B45 /* Resources */,
			);
			buildRules = (
			);
			dependencies = (
				AB4BAD1D1A345C43002F4B45 /* PBXTargetDependency */,
			);
			name = CursorTests;
			productName = CursorTests;
			productReference = AB4BAD1B1A345C43002F4B45 /* CursorTests.xctest */;
			productType = "com.apple.product-type.bundle.unit-test";
		};
/* End PBXNativeTarget section */

/* Begin PBXProject section */
		AB4BACFE1A345C43002F4B45 /* Project object */ = {
			isa = PBXProject;
			attributes = {
				LastUpgradeCheck = 0610;
				ORGANIZATIONNAME = "Brabeeba Wang";
				TargetAttributes = {
					AB4BAD051A345C43002F4B45 = {
						CreatedOnToolsVersion = 6.1.1;
					};
					AB4BAD1A1A345C43002F4B45 = {
						CreatedOnToolsVersion = 6.1.1;
						TestTargetID = AB4BAD051A345C43002F4B45;
					};
				};
			};
			buildConfigurationList = AB4BAD011A345C43002F4B45 /* Build configuration list for PBXProject "Cursor" */;
			compatibilityVersion = "Xcode 3.2";
			developmentRegion = English;
			hasScannedForEncodings = 0;
			knownRegions = (
				en,
				Base,
			);
			mainGroup = AB4BACFD1A345C43002F4B45;
			productRefGroup = AB4BAD071A345C43002F4B45 /* Products */;
			projectDirPath = "";
			projectRoot = "";
			targets = (
				AB4BAD051A345C43002F4B45 /* Cursor */,
				AB4BAD1A1A345C43002F4B45 /* CursorTests */,
			);
		};
/* End PBXProject section */

/* Begin PBXResourcesBuildPhase section */
		AB4BAD041A345C43002F4B45 /* Resources */ = {
			isa = PBXResourcesBuildPhase;
			buildActionMask = 2147483647;
			files = (
				AB4BAD111A345C43002F4B45 /* Main.storyboard in Resources */,
				AB4BAD161A345C43002F4B45 /* LaunchScreen.xib in Resources */,
				AB4BAD131A345C43002F4B45 /* Images.xcassets in Resources */,
			);
			runOnlyForDeploymentPostprocessing = 0;
		};
		AB4BAD191A345C43002F4B45 /* Resources */ = {
			isa = PBXResourcesBuildPhase;
			buildActionMask = 2147483647;
			files = (
			);
			runOnlyForDeploymentPostprocessing = 0;
		};
/* End PBXResourcesBuildPhase section */

/* Begin PBXSourcesBuildPhase section */
		AB4BAD021A345C43002F4B45 /* Sources */ = {
			isa = PBXSourcesBuildPhase;
			buildActionMask = 2147483647;
			files = (
				AB4BAD0E1A345C43002F4B45 /* ViewController.swift in Sources */,
				AB4BAD0C1A345C43002F4B45 /* AppDelegate.swift in Sources */,
			);
			runOnlyForDeploymentPostprocessing = 0;
		};
		AB4BAD171A345C43002F4B45 /* Sources */ = {
			isa = PBXSourcesBuildPhase;
			buildActionMask = 2147483647;
			files = (
				AB4BAD221A345C43002F4B45 /* CursorTests.swift in Sources */,
			);
			runOnlyForDeploymentPostprocessing = 0;
		};
/* End PBXSourcesBuildPhase section */

/* Begin PBXTargetDependency section */
		AB4BAD1D1A345C43002F4B45 /* PBXTargetDependency */ = {
			isa = PBXTargetDependency;
			target = AB4BAD051A345C43002F4B45 /* Cursor */;
			targetProxy = AB4BAD1C1A345C43002F4B45 /* PBXContainerItemProxy */;
		};
/* End PBXTargetDependency section */

/* Begin PBXVariantGroup section */
		AB4BAD0F1A345C43002F4B45 /* Main.storyboard */ = {
			isa = PBXVariantGroup;
			children = (
				AB4BAD101A345C43002F4B45 /* Base */,
			);
			name = Main.storyboard;
			sourceTree = "<group>";
		};
		AB4BAD141A345C43002F4B45 /* LaunchScreen.xib */ = {
			isa = PBXVariantGroup;
			children = (
				AB4BAD151A345C43002F4B45 /* Base */,
			);
			name = LaunchScreen.xib;
			sourceTree = "<group>";
		};
/* End PBXVariantGroup section */

/* Begin XCBuildConfiguration section */
		AB4BAD231A345C43002F4B45 /* Debug */ = {
			isa = XCBuildConfiguration;
			buildSettings = {
				ALWAYS_SEARCH_USER_PATHS = NO;
				CLANG_CXX_LANGUAGE_STANDARD = "gnu++0x";
				CLANG_CXX_LIBRARY = "libc++";
				CLANG_ENABLE_MODULES = YES;
				CLANG_ENABLE_OBJC_ARC = YES;
				CLANG_WARN_BOOL_CONVERSION = YES;
				CLANG_WARN_CONSTANT_CONVERSION = YES;
				CLANG_WARN_DIRECT_OBJC_ISA_USAGE = YES_ERROR;
				CLANG_WARN_EMPTY_BODY = YES;
				CLANG_WARN_ENUM_CONVERSION = YES;
				CLANG_WARN_INT_CONVERSION = YES;
				CLANG_WARN_OBJC_ROOT_CLASS = YES_ERROR;
				CLANG_WARN_UNREACHABLE_CODE = YES;
				CLANG_WARN__DUPLICATE_METHOD_MATCH = YES;
				"CODE_SIGN_IDENTITY[sdk=iphoneos*]" = "iPhone Developer";
				COPY_PHASE_STRIP = NO;
				ENABLE_STRICT_OBJC_MSGSEND = YES;
				GCC_C_LANGUAGE_STANDARD = gnu99;
				GCC_DYNAMIC_NO_PIC = NO;
				GCC_OPTIMIZATION_LEVEL = 0;
				GCC_PREPROCESSOR_DEFINITIONS = (
					"DEBUG=1",
					"$(inherited)",
				);
				GCC_SYMBOLS_PRIVATE_EXTERN = NO;
				GCC_WARN_64_TO_32_BIT_CONVERSION = YES;
				GCC_WARN_ABOUT_RETURN_TYPE = YES_ERROR;
				GCC_WARN_UNDECLARED_SELECTOR = YES;
				GCC_WARN_UNINITIALIZED_AUTOS = YES_AGGRESSIVE;
				GCC_WARN_UNUSED_FUNCTION = YES;
				GCC_WARN_UNUSED_VARIABLE = YES;
				IPHONEOS_DEPLOYMENT_TARGET = 8.1;
				MTL_ENABLE_DEBUG_INFO = YES;
				ONLY_ACTIVE_ARCH = YES;
				SDKROOT = iphoneos;
				SWIFT_OPTIMIZATION_LEVEL = "-Onone";
				TARGETED_DEVICE_FAMILY = "1,2";
			};
			name = Debug;
		};
		AB4BAD241A345C43002F4B45 /* Release */ = {
			isa = XCBuildConfiguration;
			buildSettings = {
				ALWAYS_SEARCH_USER_PATHS = NO;
				CLANG_CXX_LANGUAGE_STANDARD = "gnu++0x";
				CLANG_CXX_LIBRARY = "libc++";
				CLANG_ENABLE_MODULES = YES;
				CLANG_ENABLE_OBJC_ARC = YES;
				CLANG_WARN_BOOL_CONVERSION = YES;
				CLANG_WARN_CONSTANT_CONVERSION = YES;
				CLANG_WARN_DIRECT_OBJC_ISA_USAGE = YES_ERROR;
				CLANG_WARN_EMPTY_BODY = YES;
				CLANG_WARN_ENUM_CONVERSION = YES;
				CLANG_WARN_INT_CONVERSION = YES;
				CLANG_WARN_OBJC_ROOT_CLASS = YES_ERROR;
				CLANG_WARN_UNREACHABLE_CODE = YES;
				CLANG_WARN__DUPLICATE_METHOD_MATCH = YES;
				"CODE_SIGN_IDENTITY[sdk=iphoneos*]" = "iPhone Developer";
				COPY_PHASE_STRIP = YES;
				ENABLE_NS_ASSERTIONS = NO;
				ENABLE_STRICT_OBJC_MSGSEND = YES;
				GCC_C_LANGUAGE_STANDARD = gnu99;
				GCC_WARN_64_TO_32_BIT_CONVERSION = YES;
				GCC_WARN_ABOUT_RETURN_TYPE = YES_ERROR;
				GCC_WARN_UNDECLARED_SELECTOR = YES;
				GCC_WARN_UNINITIALIZED_AUTOS = YES_AGGRESSIVE;
				GCC_WARN_UNUSED_FUNCTION = YES;
				GCC_WARN_UNUSED_VARIABLE = YES;
				IPHONEOS_DEPLOYMENT_TARGET = 8.1;
				MTL_ENABLE_DEBUG_INFO = NO;
				SDKROOT = iphoneos;
				TARGETED_DEVICE_FAMILY = "1,2";
				VALIDATE_PRODUCT = YES;
			};
			name = Release;
		};
		AB4BAD261A345C43002F4B45 /* Debug */ = {
			isa = XCBuildConfiguration;
			buildSettings = {
				ASSETCATALOG_COMPILER_APPICON_NAME = AppIcon;
				INFOPLIST_FILE = Cursor/Info.plist;
				LD_RUNPATH_SEARCH_PATHS = "$(inherited) @executable_path/Frameworks";
				PRODUCT_NAME = "$(TARGET_NAME)";
			};
			name = Debug;
		};
		AB4BAD271A345C43002F4B45 /* Release */ = {
			isa = XCBuildConfiguration;
			buildSettings = {
				ASSETCATALOG_COMPILER_APPICON_NAME = AppIcon;
				INFOPLIST_FILE = Cursor/Info.plist;
				LD_RUNPATH_SEARCH_PATHS = "$(inherited) @executable_path/Frameworks";
				PRODUCT_NAME = "$(TARGET_NAME)";
			};
			name = Release;
		};
		AB4BAD291A345C43002F4B45 /* Debug */ = {
			isa = XCBuildConfiguration;
			buildSettings = {
				BUNDLE_LOADER = "$(TEST_HOST)";
				FRAMEWORK_SEARCH_PATHS = (
					"$(SDKROOT)/Developer/Library/Frameworks",
					"$(inherited)",
				);
				GCC_PREPROCESSOR_DEFINITIONS = (
					"DEBUG=1",
					"$(inherited)",
				);
				INFOPLIST_FILE = CursorTests/Info.plist;
				LD_RUNPATH_SEARCH_PATHS = "$(inherited) @executable_path/Frameworks @loader_path/Frameworks";
				PRODUCT_NAME = "$(TARGET_NAME)";
				TEST_HOST = "$(BUILT_PRODUCTS_DIR)/Cursor.app/Cursor";
			};
			name = Debug;
		};
		AB4BAD2A1A345C43002F4B45 /* Release */ = {
			isa = XCBuildConfiguration;
			buildSettings = {
				BUNDLE_LOADER = "$(TEST_HOST)";
				FRAMEWORK_SEARCH_PATHS = (
					"$(SDKROOT)/Developer/Library/Frameworks",
					"$(inherited)",
				);
				INFOPLIST_FILE = CursorTests/Info.plist;
				LD_RUNPATH_SEARCH_PATHS = "$(inherited) @executable_path/Frameworks @loader_path/Frameworks";
				PRODUCT_NAME = "$(TARGET_NAME)";
				TEST_HOST = "$(BUILT_PRODUCTS_DIR)/Cursor.app/Cursor";
			};
			name = Release;
		};
/* End XCBuildConfiguration section */

/* Begin XCConfigurationList section */
		AB4BAD011A345C43002F4B45 /* Build configuration list for PBXProject "Cursor" */ = {
			isa = XCConfigurationList;
			buildConfigurations = (
				AB4BAD231A345C43002F4B45 /* Debug */,
				AB4BAD241A345C43002F4B45 /* Release */,
			);
			defaultConfigurationIsVisible = 0;
			defaultConfigurationName = Release;
		};
		AB4BAD251A345C43002F4B45 /* Build configuration list for PBXNativeTarget "Cursor" */ = {
			isa = XCConfigurationList;
			buildConfigurations = (
				AB4BAD261A345C43002F4B45 /* Debug */,
				AB4BAD271A345C43002F4B45 /* Release */,
			);
			defaultConfigurationIsVisible = 0;
		};
		AB4BAD281A345C43002F4B45 /* Build configuration list for PBXNativeTarget "CursorTests" */ = {
			isa = XCConfigurationList;
			buildConfigurations = (
				AB4BAD291A345C43002F4B45 /* Debug */,
				AB4BAD2A1A345C43002F4B45 /* Release */,
			);
			defaultConfigurationIsVisible = 0;
		};
/* End XCConfigurationList section */
	};
	rootObject = AB4BACFE1A345C43002F4B45 /* Project object */;
}
